
Microsoft Visual Studio Solution File, Format Version 12.00
Project("{FAE04EC0-301F-11D3-BF4B-00C04F79EFBC}") = "Quiz.Domain", "Quiz.Domain\Quiz.Domain.csproj", "{EB9313F3-50D9-4CD3-8420-B54620596EC6}"
EndProject
Project("{FAE04EC0-301F-11D3-BF4B-00C04F79EFBC}") = "Quiz.Wpf", "Quiz.Wpf\Quiz.Wpf.csproj", "{04EE654C-9DD3-4BF7-A38B-DDD9457457F3}"
EndProject
Global
	GlobalSection(SolutionConfigurationPlatforms) = preSolution
		Debug|Any CPU = Debug|Any CPU
		Release|Any CPU = Release|Any CPU
	EndGlobalSection
	GlobalSection(ProjectConfigurationPlatforms) = postSolution
		{EB9313F3-50D9-4CD3-8420-B54620596EC6}.Debug|Any CPU.ActiveCfg = Debug|Any CPU
		{EB9313F3-50D9-4CD3-8420-B54620596EC6}.Debug|Any CPU.Build.0 = Debug|Any CPU
		{EB9313F3-50D9-4CD3-8420-B54620596EC6}.Release|Any CPU.ActiveCfg = Release|Any CPU
		{EB9313F3-50D9-4CD3-8420-B54620596EC6}.Release|Any CPU.Build.0 = Release|Any CPU
		{04EE654C-9DD3-4BF7-A38B-DDD9457457F3}.Debug|Any CPU.ActiveCfg = Debug|Any CPU
		{04EE654C-9DD3-4BF7-A38B-DDD9457457F3}.Debug|Any CPU.Build.0 = Debug|Any CPU
		{04EE654C-9DD3-4BF7-A38B-DDD9457457F3}.Release|Any CPU.ActiveCfg = Release|Any CPU
		{04EE654C-9DD3-4BF7-A38B-DDD9457457F3}.Release|Any CPU.Build.0 = Release|Any CPU
	EndGlobalSection
EndGlobal
